
Microsoft Visual Studio Solution File, Format Version 12.00
# Visual Studio Version 17
VisualStudioVersion = 17.8.34408.163
MinimumVisualStudioVersion = 10.0.40219.1
Project("{FAE04EC0-301F-11D3-BF4B-00C04F79EFBC}") = "Ejercicio_1 progra2", "Ejercicio_1 progra2.csproj", "{4BE71546-17E7-4D2D-8ECA-646C02871AA8}"
EndProject
Global
	GlobalSection(SolutionConfigurationPlatforms) = preSolution
		Debug|Any CPU = Debug|Any CPU
		Release|Any CPU = Release|Any CPU
	EndGlobalSection
	GlobalSection(ProjectConfigurationPlatforms) = postSolution
		{4BE71546-17E7-4D2D-8ECA-646C02871AA8}.Debug|Any CPU.ActiveCfg = Debug|Any CPU
		{4BE71546-17E7-4D2D-8ECA-646C02871AA8}.Debug|Any CPU.Build.0 = Debug|Any CPU
		{4BE71546-17E7-4D2D-8ECA-646C02871AA8}.Release|Any CPU.ActiveCfg = Release|Any CPU
		{4BE71546-17E7-4D2D-8ECA-646C02871AA8}.Release|Any CPU.Build.0 = Release|Any CPU
	EndGlobalSection
	GlobalSection(SolutionProperties) = preSolution
		HideSolutionNode = FALSE
	EndGlobalSection
	GlobalSection(ExtensibilityGlobals) = postSolution
		SolutionGuid = {DCF90911-CF2F-49CA-A357-D8B4C95AA3C2}
	EndGlobalSection
EndGlobal
